// !$*UTF8*$!
{
	archiveVersion = 1;
	classes = {
	};
	objectVersion = 50;
	objects = {

/* Begin PBXBuildFile section */
		5A20E651208B51C100848EEC /* favouriteTableViewController.swift in Sources */ = {isa = PBXBuildFile; fileRef = 5A20E650208B51C100848EEC /* favouriteTableViewController.swift */; };
		5A20E653208B529F00848EEC /* favouriteTableViewCell.swift in Sources */ = {isa = PBXBuildFile; fileRef = 5A20E652208B529F00848EEC /* favouriteTableViewCell.swift */; };
		5A38A894208CCBAC00C1057D /* storedData.xcdatamodeld in Sources */ = {isa = PBXBuildFile; fileRef = 5A38A892208CCBAC00C1057D /* storedData.xcdatamodeld */; };
		5A38A8BD208D2D5700C1057D /* tableViewTests.swift in Sources */ = {isa = PBXBuildFile; fileRef = 5A38A8BC208D2D5700C1057D /* tableViewTests.swift */; };
		5A38A8CB208D36A500C1057D /* favTableViewTests.swift in Sources */ = {isa = PBXBuildFile; fileRef = 5A38A8CA208D36A500C1057D /* favTableViewTests.swift */; };
		5A38A8D9208D39DF00C1057D /* testStepicServer.swift in Sources */ = {isa = PBXBuildFile; fileRef = 5A38A8D8208D39DF00C1057D /* testStepicServer.swift */; };
		5ADC91ED208B2A8900668A26 /* AppDelegate.swift in Sources */ = {isa = PBXBuildFile; fileRef = 5ADC91EC208B2A8900668A26 /* AppDelegate.swift */; };
		5ADC91EF208B2A8900668A26 /* tableViewController.swift in Sources */ = {isa = PBXBuildFile; fileRef = 5ADC91EE208B2A8900668A26 /* tableViewController.swift */; };
		5ADC91F2208B2A8900668A26 /* Main.storyboard in Resources */ = {isa = PBXBuildFile; fileRef = 5ADC91F0208B2A8900668A26 /* Main.storyboard */; };
		5ADC91F4208B2A8B00668A26 /* Assets.xcassets in Resources */ = {isa = PBXBuildFile; fileRef = 5ADC91F3208B2A8B00668A26 /* Assets.xcassets */; };
		5ADC91F7208B2A8B00668A26 /* LaunchScreen.storyboard in Resources */ = {isa = PBXBuildFile; fileRef = 5ADC91F5208B2A8B00668A26 /* LaunchScreen.storyboard */; };
		5ADC91FF208B2B7600668A26 /* stepikServer.swift in Sources */ = {isa = PBXBuildFile; fileRef = 5ADC91FE208B2B7600668A26 /* stepikServer.swift */; };
		5ADC9201208B346500668A26 /* tableViewCell.swift in Sources */ = {isa = PBXBuildFile; fileRef = 5ADC9200208B346500668A26 /* tableViewCell.swift */; };
		5ADD0F83208BE08500175929 /* NotFound.png in Resources */ = {isa = PBXBuildFile; fileRef = 5ADD0F82208BE08500175929 /* NotFound.png */; };
/* End PBXBuildFile section */

/* Begin PBXContainerItemProxy section */
		5A38A8BF208D2D5700C1057D /* PBXContainerItemProxy */ = {
			isa = PBXContainerItemProxy;
			containerPortal = 5ADC91E1208B2A8900668A26 /* Project object */;
			proxyType = 1;
			remoteGlobalIDString = 5ADC91E8208B2A8900668A26;
			remoteInfo = stepikCourses;
		};
		5A38A8CD208D36A500C1057D /* PBXContainerItemProxy */ = {
			isa = PBXContainerItemProxy;
			containerPortal = 5ADC91E1208B2A8900668A26 /* Project object */;
			proxyType = 1;
			remoteGlobalIDString = 5ADC91E8208B2A8900668A26;
			remoteInfo = stepikCourses;
		};
		5A38A8DB208D39DF00C1057D /* PBXContainerItemProxy */ = {
			isa = PBXContainerItemProxy;
			containerPortal = 5ADC91E1208B2A8900668A26 /* Project object */;
			proxyType = 1;
			remoteGlobalIDString = 5ADC91E8208B2A8900668A26;
			remoteInfo = stepikCourses;
		};
/* End PBXContainerItemProxy section */

/* Begin PBXFileReference section */
		5A20E650208B51C100848EEC /* favouriteTableViewController.swift */ = {isa = PBXFileReference; lastKnownFileType = sourcecode.swift; path = favouriteTableViewController.swift; sourceTree = "<group>"; };
		5A20E652208B529F00848EEC /* favouriteTableViewCell.swift */ = {isa = PBXFileReference; lastKnownFileType = sourcecode.swift; path = favouriteTableViewCell.swift; sourceTree = "<group>"; };
		5A38A893208CCBAC00C1057D /* storedData.xcdatamodel */ = {isa = PBXFileReference; lastKnownFileType = wrapper.xcdatamodel; path = storedData.xcdatamodel; sourceTree = "<group>"; };
		5A38A8BA208D2D5700C1057D /* tableViewTests.xctest */ = {isa = PBXFileReference; explicitFileType = wrapper.cfbundle; includeInIndex = 0; path = tableViewTests.xctest; sourceTree = BUILT_PRODUCTS_DIR; };
		5A38A8BC208D2D5700C1057D /* tableViewTests.swift */ = {isa = PBXFileReference; lastKnownFileType = sourcecode.swift; path = tableViewTests.swift; sourceTree = "<group>"; };
		5A38A8BE208D2D5700C1057D /* Info.plist */ = {isa = PBXFileReference; lastKnownFileType = text.plist.xml; path = Info.plist; sourceTree = "<group>"; };
		5A38A8C8208D36A500C1057D /* favTableViewTests.xctest */ = {isa = PBXFileReference; explicitFileType = wrapper.cfbundle; includeInIndex = 0; path = favTableViewTests.xctest; sourceTree = BUILT_PRODUCTS_DIR; };
		5A38A8CA208D36A500C1057D /* favTableViewTests.swift */ = {isa = PBXFileReference; lastKnownFileType = sourcecode.swift; path = favTableViewTests.swift; sourceTree = "<group>"; };
		5A38A8CC208D36A500C1057D /* Info.plist */ = {isa = PBXFileReference; lastKnownFileType = text.plist.xml; path = Info.plist; sourceTree = "<group>"; };
		5A38A8D6208D39DF00C1057D /* testStepicServer.xctest */ = {isa = PBXFileReference; explicitFileType = wrapper.cfbundle; includeInIndex = 0; path = testStepicServer.xctest; sourceTree = BUILT_PRODUCTS_DIR; };
		5A38A8D8208D39DF00C1057D /* testStepicServer.swift */ = {isa = PBXFileReference; lastKnownFileType = sourcecode.swift; path = testStepicServer.swift; sourceTree = "<group>"; };
		5A38A8DA208D39DF00C1057D /* Info.plist */ = {isa = PBXFileReference; lastKnownFileType = text.plist.xml; path = Info.plist; sourceTree = "<group>"; };
		5ADC91E9208B2A8900668A26 /* stepikCourses.app */ = {isa = PBXFileReference; explicitFileType = wrapper.application; includeInIndex = 0; path = stepikCourses.app; sourceTree = BUILT_PRODUCTS_DIR; };
		5ADC91EC208B2A8900668A26 /* AppDelegate.swift */ = {isa = PBXFileReference; lastKnownFileType = sourcecode.swift; path = AppDelegate.swift; sourceTree = "<group>"; };
		5ADC91EE208B2A8900668A26 /* tableViewController.swift */ = {isa = PBXFileReference; lastKnownFileType = sourcecode.swift; path = tableViewController.swift; sourceTree = "<group>"; };
		5ADC91F1208B2A8900668A26 /* Base */ = {isa = PBXFileReference; lastKnownFileType = file.storyboard; name = Base; path = Base.lproj/Main.storyboard; sourceTree = "<group>"; };
		5ADC91F3208B2A8B00668A26 /* Assets.xcassets */ = {isa = PBXFileReference; lastKnownFileType = folder.assetcatalog; path = Assets.xcassets; sourceTree = "<group>"; };
		5ADC91F6208B2A8B00668A26 /* Base */ = {isa = PBXFileReference; lastKnownFileType = file.storyboard; name = Base; path = Base.lproj/LaunchScreen.storyboard; sourceTree = "<group>"; };
		5ADC91F8208B2A8B00668A26 /* Info.plist */ = {isa = PBXFileReference; lastKnownFileType = text.plist.xml; path = Info.plist; sourceTree = "<group>"; };
		5ADC91FE208B2B7600668A26 /* stepikServer.swift */ = {isa = PBXFileReference; lastKnownFileType = sourcecode.swift; path = stepikServer.swift; sourceTree = "<group>"; };
		5ADC9200208B346500668A26 /* tableViewCell.swift */ = {isa = PBXFileReference; lastKnownFileType = sourcecode.swift; path = tableViewCell.swift; sourceTree = "<group>"; };
		5ADD0F82208BE08500175929 /* NotFound.png */ = {isa = PBXFileReference; lastKnownFileType = image.png; path = NotFound.png; sourceTree = "<group>"; };
/* End PBXFileReference section */

/* Begin PBXFrameworksBuildPhase section */
		5A38A8B7208D2D5700C1057D /* Frameworks */ = {
			isa = PBXFrameworksBuildPhase;
			buildActionMask = 2147483647;
			files = (
			);
			runOnlyForDeploymentPostprocessing = 0;
		};
		5A38A8C5208D36A500C1057D /* Frameworks */ = {
			isa = PBXFrameworksBuildPhase;
			buildActionMask = 2147483647;
			files = (
			);
			runOnlyForDeploymentPostprocessing = 0;
		};
		5A38A8D3208D39DF00C1057D /* Frameworks */ = {
			isa = PBXFrameworksBuildPhase;
			buildActionMask = 2147483647;
			files = (
			);
			runOnlyForDeploymentPostprocessing = 0;
		};
		5ADC91E6208B2A8900668A26 /* Frameworks */ = {
			isa = PBXFrameworksBuildPhase;
			buildActionMask = 2147483647;
			files = (
			);
			runOnlyForDeploymentPostprocessing = 0;
		};
/* End PBXFrameworksBuildPhase section */

/* Begin PBXGroup section */
		5A20E654208B535300848EEC /* TableViewCell */ = {
			isa = PBXGroup;
			children = (
				5ADC9200208B346500668A26 /* tableViewCell.swift */,
				5A20E652208B529F00848EEC /* favouriteTableViewCell.swift */,
			);
			path = TableViewCell;
			sourceTree = "<group>";
		};
		5A20E655208B538300848EEC /* TableViewControllers */ = {
			isa = PBXGroup;
			children = (
				5A20E650208B51C100848EEC /* favouriteTableViewController.swift */,
				5ADC91EE208B2A8900668A26 /* tableViewController.swift */,
			);
			path = TableViewControllers;
			sourceTree = "<group>";
		};
		5A20E656208B539800848EEC /* ServerAPI */ = {
			isa = PBXGroup;
			children = (
				5ADC91FE208B2B7600668A26 /* stepikServer.swift */,
			);
			path = ServerAPI;
			sourceTree = "<group>";
		};
		5A38A8BB208D2D5700C1057D /* tableViewTests */ = {
			isa = PBXGroup;
			children = (
				5A38A8BC208D2D5700C1057D /* tableViewTests.swift */,
				5A38A8BE208D2D5700C1057D /* Info.plist */,
			);
			path = tableViewTests;
			sourceTree = "<group>";
		};
		5A38A8C9208D36A500C1057D /* favTableViewTests */ = {
			isa = PBXGroup;
			children = (
				5A38A8CA208D36A500C1057D /* favTableViewTests.swift */,
				5A38A8CC208D36A500C1057D /* Info.plist */,
			);
			path = favTableViewTests;
			sourceTree = "<group>";
		};
		5A38A8D7208D39DF00C1057D /* testStepicServer */ = {
			isa = PBXGroup;
			children = (
				5A38A8D8208D39DF00C1057D /* testStepicServer.swift */,
				5A38A8DA208D39DF00C1057D /* Info.plist */,
			);
			path = testStepicServer;
			sourceTree = "<group>";
		};
		5A38A8EC208D407E00C1057D /* storyboards */ = {
			isa = PBXGroup;
			children = (
				5ADC91F5208B2A8B00668A26 /* LaunchScreen.storyboard */,
				5ADC91F0208B2A8900668A26 /* Main.storyboard */,
			);
			path = storyboards;
			sourceTree = "<group>";
		};
		5ADC91E0208B2A8900668A26 = {
			isa = PBXGroup;
			children = (
				5ADC91EB208B2A8900668A26 /* stepikCourses */,
				5A38A8BB208D2D5700C1057D /* tableViewTests */,
				5A38A8C9208D36A500C1057D /* favTableViewTests */,
				5A38A8D7208D39DF00C1057D /* testStepicServer */,
				5ADC91EA208B2A8900668A26 /* Products */,
			);
			sourceTree = "<group>";
		};
		5ADC91EA208B2A8900668A26 /* Products */ = {
			isa = PBXGroup;
			children = (
				5ADC91E9208B2A8900668A26 /* stepikCourses.app */,
				5A38A8BA208D2D5700C1057D /* tableViewTests.xctest */,
				5A38A8C8208D36A500C1057D /* favTableViewTests.xctest */,
				5A38A8D6208D39DF00C1057D /* testStepicServer.xctest */,
			);
			name = Products;
			sourceTree = "<group>";
		};
		5ADC91EB208B2A8900668A26 /* stepikCourses */ = {
			isa = PBXGroup;
			children = (
				5A38A8EC208D407E00C1057D /* storyboards */,
				5A20E654208B535300848EEC /* TableViewCell */,
				5A20E655208B538300848EEC /* TableViewControllers */,
				5A20E656208B539800848EEC /* ServerAPI */,
				5ADC91F3208B2A8B00668A26 /* Assets.xcassets */,
				5A38A892208CCBAC00C1057D /* storedData.xcdatamodeld */,
				5ADC91EC208B2A8900668A26 /* AppDelegate.swift */,
				5ADC91F8208B2A8B00668A26 /* Info.plist */,
				5ADD0F82208BE08500175929 /* NotFound.png */,
			);
			path = stepikCourses;
			sourceTree = "<group>";
		};
/* End PBXGroup section */

/* Begin PBXNativeTarget section */
		5A38A8B9208D2D5700C1057D /* tableViewTests */ = {
			isa = PBXNativeTarget;
			buildConfigurationList = 5A38A8C3208D2D5700C1057D /* Build configuration list for PBXNativeTarget "tableViewTests" */;
			buildPhases = (
				5A38A8B6208D2D5700C1057D /* Sources */,
				5A38A8B7208D2D5700C1057D /* Frameworks */,
				5A38A8B8208D2D5700C1057D /* Resources */,
			);
			buildRules = (
			);
			dependencies = (
				5A38A8C0208D2D5700C1057D /* PBXTargetDependency */,
			);
			name = tableViewTests;
			productName = tableViewTests;
			productReference = 5A38A8BA208D2D5700C1057D /* tableViewTests.xctest */;
			productType = "com.apple.product-type.bundle.unit-test";
		};
		5A38A8C7208D36A500C1057D /* favTableViewTests */ = {
			isa = PBXNativeTarget;
			buildConfigurationList = 5A38A8CF208D36A500C1057D /* Build configuration list for PBXNativeTarget "favTableViewTests" */;
			buildPhases = (
				5A38A8C4208D36A500C1057D /* Sources */,
				5A38A8C5208D36A500C1057D /* Frameworks */,
				5A38A8C6208D36A500C1057D /* Resources */,
			);
			buildRules = (
			);
			dependencies = (
				5A38A8CE208D36A500C1057D /* PBXTargetDependency */,
			);
			name = favTableViewTests;
			productName = favTableViewTests;
			productReference = 5A38A8C8208D36A500C1057D /* favTableViewTests.xctest */;
			productType = "com.apple.product-type.bundle.unit-test";
		};
		5A38A8D5208D39DF00C1057D /* testStepicServer */ = {
			isa = PBXNativeTarget;
			buildConfigurationList = 5A38A8DD208D39DF00C1057D /* Build configuration list for PBXNativeTarget "testStepicServer" */;
			buildPhases = (
				5A38A8D2208D39DF00C1057D /* Sources */,
				5A38A8D3208D39DF00C1057D /* Frameworks */,
				5A38A8D4208D39DF00C1057D /* Resources */,
			);
			buildRules = (
			);
			dependencies = (
				5A38A8DC208D39DF00C1057D /* PBXTargetDependency */,
			);
			name = testStepicServer;
			productName = testStepicServer;
			productReference = 5A38A8D6208D39DF00C1057D /* testStepicServer.xctest */;
			productType = "com.apple.product-type.bundle.unit-test";
		};
		5ADC91E8208B2A8900668A26 /* stepikCourses */ = {
			isa = PBXNativeTarget;
			buildConfigurationList = 5ADC91FB208B2A8B00668A26 /* Build configuration list for PBXNativeTarget "stepikCourses" */;
			buildPhases = (
				5ADC91E5208B2A8900668A26 /* Sources */,
				5ADC91E6208B2A8900668A26 /* Frameworks */,
				5ADC91E7208B2A8900668A26 /* Resources */,
			);
			buildRules = (
			);
			dependencies = (
			);
			name = stepikCourses;
			productName = stepikCourses;
			productReference = 5ADC91E9208B2A8900668A26 /* stepikCourses.app */;
			productType = "com.apple.product-type.application";
		};
/* End PBXNativeTarget section */

/* Begin PBXProject section */
		5ADC91E1208B2A8900668A26 /* Project object */ = {
			isa = PBXProject;
			attributes = {
				LastSwiftUpdateCheck = 0930;
				LastUpgradeCheck = 0930;
				ORGANIZATIONNAME = "Влад Купряков";
				TargetAttributes = {
					5A38A8B9208D2D5700C1057D = {
						CreatedOnToolsVersion = 9.3;
						TestTargetID = 5ADC91E8208B2A8900668A26;
					};
					5A38A8C7208D36A500C1057D = {
						CreatedOnToolsVersion = 9.3;
						TestTargetID = 5ADC91E8208B2A8900668A26;
					};
					5A38A8D5208D39DF00C1057D = {
						CreatedOnToolsVersion = 9.3;
						TestTargetID = 5ADC91E8208B2A8900668A26;
					};
					5ADC91E8208B2A8900668A26 = {
						CreatedOnToolsVersion = 9.3;
					};
				};
			};
			buildConfigurationList = 5ADC91E4208B2A8900668A26 /* Build configuration list for PBXProject "stepikCourses" */;
			compatibilityVersion = "Xcode 9.3";
			developmentRegion = en;
			hasScannedForEncodings = 0;
			knownRegions = (
				en,
				Base,
			);
			mainGroup = 5ADC91E0208B2A8900668A26;
			productRefGroup = 5ADC91EA208B2A8900668A26 /* Products */;
			projectDirPath = "";
			projectRoot = "";
			targets = (
				5ADC91E8208B2A8900668A26 /* stepikCourses */,
				5A38A8B9208D2D5700C1057D /* tableViewTests */,
				5A38A8C7208D36A500C1057D /* favTableViewTests */,
				5A38A8D5208D39DF00C1057D /* testStepicServer */,
			);
		};
/* End PBXProject section */

/* Begin PBXResourcesBuildPhase section */
		5A38A8B8208D2D5700C1057D /* Resources */ = {
			isa = PBXResourcesBuildPhase;
			buildActionMask = 2147483647;
			files = (
			);
			runOnlyForDeploymentPostprocessing = 0;
		};
		5A38A8C6208D36A500C1057D /* Resources */ = {
			isa = PBXResourcesBuildPhase;
			buildActionMask = 2147483647;
			files = (
			);
			runOnlyForDeploymentPostprocessing = 0;
		};
		5A38A8D4208D39DF00C1057D /* Resources */ = {
			isa = PBXResourcesBuildPhase;
			buildActionMask = 2147483647;
			files = (
			);
			runOnlyForDeploymentPostprocessing = 0;
		};
		5ADC91E7208B2A8900668A26 /* Resources */ = {
			isa = PBXResourcesBuildPhase;
			buildActionMask = 2147483647;
			files = (
				5ADD0F83208BE08500175929 /* NotFound.png in Resources */,
				5ADC91F7208B2A8B00668A26 /* LaunchScreen.storyboard in Resources */,
				5ADC91F4208B2A8B00668A26 /* Assets.xcassets in Resources */,
				5ADC91F2208B2A8900668A26 /* Main.storyboard in Resources */,
			);
			runOnlyForDeploymentPostprocessing = 0;
		};
/* End PBXResourcesBuildPhase section */

/* Begin PBXSourcesBuildPhase section */
		5A38A8B6208D2D5700C1057D /* Sources */ = {
			isa = PBXSourcesBuildPhase;
			buildActionMask = 2147483647;
			files = (
				5A38A8BD208D2D5700C1057D /* tableViewTests.swift in Sources */,
			);
			runOnlyForDeploymentPostprocessing = 0;
		};
		5A38A8C4208D36A500C1057D /* Sources */ = {
			isa = PBXSourcesBuildPhase;
			buildActionMask = 2147483647;
			files = (
				5A38A8CB208D36A500C1057D /* favTableViewTests.swift in Sources */,
			);
			runOnlyForDeploymentPostprocessing = 0;
		};
		5A38A8D2208D39DF00C1057D /* Sources */ = {
			isa = PBXSourcesBuildPhase;
			buildActionMask = 2147483647;
			files = (
				5A38A8D9208D39DF00C1057D /* testStepicServer.swift in Sources */,
			);
			runOnlyForDeploymentPostprocessing = 0;
		};
		5ADC91E5208B2A8900668A26 /* Sources */ = {
			isa = PBXSourcesBuildPhase;
			buildActionMask = 2147483647;
			files = (
				5ADC91EF208B2A8900668A26 /* tableViewController.swift in Sources */,
				5A20E651208B51C100848EEC /* favouriteTableViewController.swift in Sources */,
				5ADC9201208B346500668A26 /* tableViewCell.swift in Sources */,
				5A38A894208CCBAC00C1057D /* storedData.xcdatamodeld in Sources */,
				5ADC91ED208B2A8900668A26 /* AppDelegate.swift in Sources */,
				5ADC91FF208B2B7600668A26 /* stepikServer.swift in Sources */,
				5A20E653208B529F00848EEC /* favouriteTableViewCell.swift in Sources */,
			);
			runOnlyForDeploymentPostprocessing = 0;
		};
/* End PBXSourcesBuildPhase section */

/* Begin PBXTargetDependency section */
		5A38A8C0208D2D5700C1057D /* PBXTargetDependency */ = {
			isa = PBXTargetDependency;
			target = 5ADC91E8208B2A8900668A26 /* stepikCourses */;
			targetProxy = 5A38A8BF208D2D5700C1057D /* PBXContainerItemProxy */;
		};
		5A38A8CE208D36A500C1057D /* PBXTargetDependency */ = {
			isa = PBXTargetDependency;
			target = 5ADC91E8208B2A8900668A26 /* stepikCourses */;
			targetProxy = 5A38A8CD208D36A500C1057D /* PBXContainerItemProxy */;
		};
		5A38A8DC208D39DF00C1057D /* PBXTargetDependency */ = {
			isa = PBXTargetDependency;
			target = 5ADC91E8208B2A8900668A26 /* stepikCourses */;
			targetProxy = 5A38A8DB208D39DF00C1057D /* PBXContainerItemProxy */;
		};
/* End PBXTargetDependency section */

/* Begin PBXVariantGroup section */
		5ADC91F0208B2A8900668A26 /* Main.storyboard */ = {
			isa = PBXVariantGroup;
			children = (
				5ADC91F1208B2A8900668A26 /* Base */,
			);
			name = Main.storyboard;
			sourceTree = "<group>";
		};
		5ADC91F5208B2A8B00668A26 /* LaunchScreen.storyboard */ = {
			isa = PBXVariantGroup;
			children = (
				5ADC91F6208B2A8B00668A26 /* Base */,
			);
			name = LaunchScreen.storyboard;
			sourceTree = "<group>";
		};
/* End PBXVariantGroup section */

/* Begin XCBuildConfiguration section */
		5A38A8C1208D2D5700C1057D /* Debug */ = {
			isa = XCBuildConfiguration;
			buildSettings = {
				BUNDLE_LOADER = "$(TEST_HOST)";
				CODE_SIGN_STYLE = Automatic;
				DEVELOPMENT_TEAM = Z6YU7BJ52A;
				INFOPLIST_FILE = tableViewTests/Info.plist;
				LD_RUNPATH_SEARCH_PATHS = (
					"$(inherited)",
					"@executable_path/Frameworks",
					"@loader_path/Frameworks",
				);
				PRODUCT_BUNDLE_IDENTIFIER = kup.tableViewTests;
				PRODUCT_NAME = "$(TARGET_NAME)";
				SWIFT_VERSION = 4.0;
				TARGETED_DEVICE_FAMILY = "1,2";
				TEST_HOST = "$(BUILT_PRODUCTS_DIR)/stepikCourses.app/stepikCourses";
			};
			name = Debug;
		};
		5A38A8C2208D2D5700C1057D /* Release */ = {
			isa = XCBuildConfiguration;
			buildSettings = {
				BUNDLE_LOADER = "$(TEST_HOST)";
				CODE_SIGN_STYLE = Automatic;
				DEVELOPMENT_TEAM = Z6YU7BJ52A;
				INFOPLIST_FILE = tableViewTests/Info.plist;
				LD_RUNPATH_SEARCH_PATHS = (
					"$(inherited)",
					"@executable_path/Frameworks",
					"@loader_path/Frameworks",
				);
				PRODUCT_BUNDLE_IDENTIFIER = kup.tableViewTests;
				PRODUCT_NAME = "$(TARGET_NAME)";
				SWIFT_VERSION = 4.0;
				TARGETED_DEVICE_FAMILY = "1,2";
				TEST_HOST = "$(BUILT_PRODUCTS_DIR)/stepikCourses.app/stepikCourses";
			};
			name = Release;
		};
		5A38A8D0208D36A500C1057D /* Debug */ = {
			isa = XCBuildConfiguration;
			buildSettings = {
				BUNDLE_LOADER = "$(TEST_HOST)";
				CODE_SIGN_STYLE = Automatic;
				DEVELOPMENT_TEAM = Z6YU7BJ52A;
				INFOPLIST_FILE = favTableViewTests/Info.plist;
				LD_RUNPATH_SEARCH_PATHS = (
					"$(inherited)",
					"@executable_path/Frameworks",
					"@loader_path/Frameworks",
				);
				PRODUCT_BUNDLE_IDENTIFIER = kup.favTableViewTests;
				PRODUCT_NAME = "$(TARGET_NAME)";
				SWIFT_VERSION = 4.0;
				TARGETED_DEVICE_FAMILY = "1,2";
				TEST_HOST = "$(BUILT_PRODUCTS_DIR)/stepikCourses.app/stepikCourses";
			};
			name = Debug;
		};
		5A38A8D1208D36A500C1057D /* Release */ = {
			isa = XCBuildConfiguration;
			buildSettings = {
				BUNDLE_LOADER = "$(TEST_HOST)";
				CODE_SIGN_STYLE = Automatic;
				DEVELOPMENT_TEAM = Z6YU7BJ52A;
				INFOPLIST_FILE = favTableViewTests/Info.plist;
				LD_RUNPATH_SEARCH_PATHS = (
					"$(inherited)",
					"@executable_path/Frameworks",
					"@loader_path/Frameworks",
				);
				PRODUCT_BUNDLE_IDENTIFIER = kup.favTableViewTests;
				PRODUCT_NAME = "$(TARGET_NAME)";
				SWIFT_VERSION = 4.0;
				TARGETED_DEVICE_FAMILY = "1,2";
				TEST_HOST = "$(BUILT_PRODUCTS_DIR)/stepikCourses.app/stepikCourses";
			};
			name = Release;
		};
		5A38A8DE208D39DF00C1057D /* Debug */ = {
			isa = XCBuildConfiguration;
			buildSettings = {
				BUNDLE_LOADER = "$(TEST_HOST)";
				CODE_SIGN_STYLE = Automatic;
				DEVELOPMENT_TEAM = Z6YU7BJ52A;
				INFOPLIST_FILE = testStepicServer/Info.plist;
				LD_RUNPATH_SEARCH_PATHS = (
					"$(inherited)",
					"@executable_path/Frameworks",
					"@loader_path/Frameworks",
				);
				PRODUCT_BUNDLE_IDENTIFIER = kup.testStepicServer;
				PRODUCT_NAME = "$(TARGET_NAME)";
				SWIFT_VERSION = 4.0;
				TARGETED_DEVICE_FAMILY = "1,2";
				TEST_HOST = "$(BUILT_PRODUCTS_DIR)/stepikCourses.app/stepikCourses";
			};
			name = Debug;
		};
		5A38A8DF208D39DF00C1057D /* Release */ = {
			isa = XCBuildConfiguration;
			buildSettings = {
				BUNDLE_LOADER = "$(TEST_HOST)";
				CODE_SIGN_STYLE = Automatic;
				DEVELOPMENT_TEAM = Z6YU7BJ52A;
				INFOPLIST_FILE = testStepicServer/Info.plist;
				LD_RUNPATH_SEARCH_PATHS = (
					"$(inherited)",
					"@executable_path/Frameworks",
					"@loader_path/Frameworks",
				);
				PRODUCT_BUNDLE_IDENTIFIER = kup.testStepicServer;
				PRODUCT_NAME = "$(TARGET_NAME)";
				SWIFT_VERSION = 4.0;
				TARGETED_DEVICE_FAMILY = "1,2";
				TEST_HOST = "$(BUILT_PRODUCTS_DIR)/stepikCourses.app/stepikCourses";
			};
			name = Release;
		};
		5ADC91F9208B2A8B00668A26 /* Debug */ = {
			isa = XCBuildConfiguration;
			buildSettings = {
				ALWAYS_SEARCH_USER_PATHS = NO;
				CLANG_ANALYZER_NONNULL = YES;
				CLANG_ANALYZER_NUMBER_OBJECT_CONVERSION = YES_AGGRESSIVE;
				CLANG_CXX_LANGUAGE_STANDARD = "gnu++14";
				CLANG_CXX_LIBRARY = "libc++";
				CLANG_ENABLE_MODULES = YES;
				CLANG_ENABLE_OBJC_ARC = YES;
				CLANG_ENABLE_OBJC_WEAK = YES;
				CLANG_WARN_BLOCK_CAPTURE_AUTORELEASING = YES;
				CLANG_WARN_BOOL_CONVERSION = YES;
				CLANG_WARN_COMMA = YES;
				CLANG_WARN_CONSTANT_CONVERSION = YES;
				CLANG_WARN_DEPRECATED_OBJC_IMPLEMENTATIONS = YES;
				CLANG_WARN_DIRECT_OBJC_ISA_USAGE = YES_ERROR;
				CLANG_WARN_DOCUMENTATION_COMMENTS = YES;
				CLANG_WARN_EMPTY_BODY = YES;
				CLANG_WARN_ENUM_CONVERSION = YES;
				CLANG_WARN_INFINITE_RECURSION = YES;
				CLANG_WARN_INT_CONVERSION = YES;
				CLANG_WARN_NON_LITERAL_NULL_CONVERSION = YES;
				CLANG_WARN_OBJC_IMPLICIT_RETAIN_SELF = YES;
				CLANG_WARN_OBJC_LITERAL_CONVERSION = YES;
				CLANG_WARN_OBJC_ROOT_CLASS = YES_ERROR;
				CLANG_WARN_RANGE_LOOP_ANALYSIS = YES;
				CLANG_WARN_STRICT_PROTOTYPES = YES;
				CLANG_WARN_SUSPICIOUS_MOVE = YES;
				CLANG_WARN_UNGUARDED_AVAILABILITY = YES_AGGRESSIVE;
				CLANG_WARN_UNREACHABLE_CODE = YES;
				CLANG_WARN__DUPLICATE_METHOD_MATCH = YES;
				CODE_SIGN_IDENTITY = "iPhone Developer";
				COPY_PHASE_STRIP = NO;
				DEBUG_INFORMATION_FORMAT = dwarf;
				ENABLE_STRICT_OBJC_MSGSEND = YES;
				ENABLE_TESTABILITY = YES;
				GCC_C_LANGUAGE_STANDARD = gnu11;
				GCC_DYNAMIC_NO_PIC = NO;
				GCC_NO_COMMON_BLOCKS = YES;
				GCC_OPTIMIZATION_LEVEL = 0;
				GCC_PREPROCESSOR_DEFINITIONS = (
					"DEBUG=1",
					"$(inherited)",
				);
				GCC_WARN_64_TO_32_BIT_CONVERSION = YES;
				GCC_WARN_ABOUT_RETURN_TYPE = YES_ERROR;
				GCC_WARN_UNDECLARED_SELECTOR = YES;
				GCC_WARN_UNINITIALIZED_AUTOS = YES_AGGRESSIVE;
				GCC_WARN_UNUSED_FUNCTION = YES;
				GCC_WARN_UNUSED_VARIABLE = YES;
				IPHONEOS_DEPLOYMENT_TARGET = 11.3;
				MTL_ENABLE_DEBUG_INFO = YES;
				ONLY_ACTIVE_ARCH = YES;
				SDKROOT = iphoneos;
				SWIFT_ACTIVE_COMPILATION_CONDITIONS = DEBUG;
				SWIFT_OPTIMIZATION_LEVEL = "-Onone";
			};
			name = Debug;
		};
		5ADC91FA208B2A8B00668A26 /* Release */ = {
			isa = XCBuildConfiguration;
			buildSettings = {
				ALWAYS_SEARCH_USER_PATHS = NO;
				CLANG_ANALYZER_NONNULL = YES;
				CLANG_ANALYZER_NUMBER_OBJECT_CONVERSION = YES_AGGRESSIVE;
				CLANG_CXX_LANGUAGE_STANDARD = "gnu++14";
				CLANG_CXX_LIBRARY = "libc++";
				CLANG_ENABLE_MODULES = YES;
				CLANG_ENABLE_OBJC_ARC = YES;
				CLANG_ENABLE_OBJC_WEAK = YES;
				CLANG_WARN_BLOCK_CAPTURE_AUTORELEASING = YES;
				CLANG_WARN_BOOL_CONVERSION = YES;
				CLANG_WARN_COMMA = YES;
				CLANG_WARN_CONSTANT_CONVERSION = YES;
				CLANG_WARN_DEPRECATED_OBJC_IMPLEMENTATIONS = YES;
				CLANG_WARN_DIRECT_OBJC_ISA_USAGE = YES_ERROR;
				CLANG_WARN_DOCUMENTATION_COMMENTS = YES;
				CLANG_WARN_EMPTY_BODY = YES;
				CLANG_WARN_ENUM_CONVERSION = YES;
				CLANG_WARN_INFINITE_RECURSION = YES;
				CLANG_WARN_INT_CONVERSION = YES;
				CLANG_WARN_NON_LITERAL_NULL_CONVERSION = YES;
				CLANG_WARN_OBJC_IMPLICIT_RETAIN_SELF = YES;
				CLANG_WARN_OBJC_LITERAL_CONVERSION = YES;
				CLANG_WARN_OBJC_ROOT_CLASS = YES_ERROR;
				CLANG_WARN_RANGE_LOOP_ANALYSIS = YES;
				CLANG_WARN_STRICT_PROTOTYPES = YES;
				CLANG_WARN_SUSPICIOUS_MOVE = YES;
				CLANG_WARN_UNGUARDED_AVAILABILITY = YES_AGGRESSIVE;
				CLANG_WARN_UNREACHABLE_CODE = YES;
				CLANG_WARN__DUPLICATE_METHOD_MATCH = YES;
				CODE_SIGN_IDENTITY = "iPhone Developer";
				COPY_PHASE_STRIP = NO;
				DEBUG_INFORMATION_FORMAT = "dwarf-with-dsym";
				ENABLE_NS_ASSERTIONS = NO;
				ENABLE_STRICT_OBJC_MSGSEND = YES;
				GCC_C_LANGUAGE_STANDARD = gnu11;
				GCC_NO_COMMON_BLOCKS = YES;
				GCC_WARN_64_TO_32_BIT_CONVERSION = YES;
				GCC_WARN_ABOUT_RETURN_TYPE = YES_ERROR;
				GCC_WARN_UNDECLARED_SELECTOR = YES;
				GCC_WARN_UNINITIALIZED_AUTOS = YES_AGGRESSIVE;
				GCC_WARN_UNUSED_FUNCTION = YES;
				GCC_WARN_UNUSED_VARIABLE = YES;
				IPHONEOS_DEPLOYMENT_TARGET = 11.3;
				MTL_ENABLE_DEBUG_INFO = NO;
				SDKROOT = iphoneos;
				SWIFT_COMPILATION_MODE = wholemodule;
				SWIFT_OPTIMIZATION_LEVEL = "-O";
				VALIDATE_PRODUCT = YES;
			};
			name = Release;
		};
		5ADC91FC208B2A8B00668A26 /* Debug */ = {
			isa = XCBuildConfiguration;
			buildSettings = {
				ASSETCATALOG_COMPILER_APPICON_NAME = AppIcon;
				CODE_SIGN_STYLE = Automatic;
				DEVELOPMENT_TEAM = Z6YU7BJ52A;
				INFOPLIST_FILE = stepikCourses/Info.plist;
				LD_RUNPATH_SEARCH_PATHS = (
					"$(inherited)",
					"@executable_path/Frameworks",
				);
				PRODUCT_BUNDLE_IDENTIFIER = kup.stepikCourses;
				PRODUCT_NAME = "$(TARGET_NAME)";
				SWIFT_VERSION = 4.0;
				TARGETED_DEVICE_FAMILY = "1,2";
			};
			name = Debug;
		};
		5ADC91FD208B2A8B00668A26 /* Release */ = {
			isa = XCBuildConfiguration;
			buildSettings = {
				ASSETCATALOG_COMPILER_APPICON_NAME = AppIcon;
				CODE_SIGN_STYLE = Automatic;
				DEVELOPMENT_TEAM = Z6YU7BJ52A;
				INFOPLIST_FILE = stepikCourses/Info.plist;
				LD_RUNPATH_SEARCH_PATHS = (
					"$(inherited)",
					"@executable_path/Frameworks",
				);
				PRODUCT_BUNDLE_IDENTIFIER = kup.stepikCourses;
				PRODUCT_NAME = "$(TARGET_NAME)";
				SWIFT_VERSION = 4.0;
				TARGETED_DEVICE_FAMILY = "1,2";
			};
			name = Release;
		};
/* End XCBuildConfiguration section */

/* Begin XCConfigurationList section */
		5A38A8C3208D2D5700C1057D /* Build configuration list for PBXNativeTarget "tableViewTests" */ = {
			isa = XCConfigurationList;
			buildConfigurations = (
				5A38A8C1208D2D5700C1057D /* Debug */,
				5A38A8C2208D2D5700C1057D /* Release */,
			);
			defaultConfigurationIsVisible = 0;
			defaultConfigurationName = Release;
		};
		5A38A8CF208D36A500C1057D /* Build configuration list for PBXNativeTarget "favTableViewTests" */ = {
			isa = XCConfigurationList;
			buildConfigurations = (
				5A38A8D0208D36A500C1057D /* Debug */,
				5A38A8D1208D36A500C1057D /* Release */,
			);
			defaultConfigurationIsVisible = 0;
			defaultConfigurationName = Release;
		};
		5A38A8DD208D39DF00C1057D /* Build configuration list for PBXNativeTarget "testStepicServer" */ = {
			isa = XCConfigurationList;
			buildConfigurations = (
				5A38A8DE208D39DF00C1057D /* Debug */,
				5A38A8DF208D39DF00C1057D /* Release */,
			);
			defaultConfigurationIsVisible = 0;
			defaultConfigurationName = Release;
		};
		5ADC91E4208B2A8900668A26 /* Build configuration list for PBXProject "stepikCourses" */ = {
			isa = XCConfigurationList;
			buildConfigurations = (
				5ADC91F9208B2A8B00668A26 /* Debug */,
				5ADC91FA208B2A8B00668A26 /* Release */,
			);
			defaultConfigurationIsVisible = 0;
			defaultConfigurationName = Release;
		};
		5ADC91FB208B2A8B00668A26 /* Build configuration list for PBXNativeTarget "stepikCourses" */ = {
			isa = XCConfigurationList;
			buildConfigurations = (
				5ADC91FC208B2A8B00668A26 /* Debug */,
				5ADC91FD208B2A8B00668A26 /* Release */,
			);
			defaultConfigurationIsVisible = 0;
			defaultConfigurationName = Release;
		};
/* End XCConfigurationList section */

/* Begin XCVersionGroup section */
		5A38A892208CCBAC00C1057D /* storedData.xcdatamodeld */ = {
			isa = XCVersionGroup;
			children = (
				5A38A893208CCBAC00C1057D /* storedData.xcdatamodel */,
			);
			currentVersion = 5A38A893208CCBAC00C1057D /* storedData.xcdatamodel */;
			path = storedData.xcdatamodeld;
			sourceTree = "<group>";
			versionGroupType = wrapper.xcdatamodel;
		};
/* End XCVersionGroup section */
	};
	rootObject = 5ADC91E1208B2A8900668A26 /* Project object */;
}
